# This file is automatically @generated by Cargo.
# It is not intended for manual editing.
version = 4

[[package]]
name = "astra-core-buf"
version = "0.1.0"

[[package]]
name = "astra-core-crypto"
version = "0.1.0"
dependencies = [
 "astra-core-buf",
]

[[package]]
name = "astra-core-net"
version = "0.1.0"
